{
  "name": "starry.size",
  "version": "3.0.0",
  "lockfileVersion": 1,
  "requires": true,
  "dependencies": {
    "@types/lodash": {
      "version": "4.14.110",
      "resolved": "https://registry.npmjs.org/@types/lodash/-/lodash-4.14.110.tgz",
      "integrity": "sha512-iXYLa6olt4tnsCA+ZXeP6eEW3tk1SulWeYyP/yooWfAtXjozqXgtX4+XUtMuOCfYjKGz3F34++qUc3Q+TJuIIw==",
      "dev": true
    },
    "@types/lodash.isarraylike": {
      "version": "4.2.4",
      "resolved": "https://registry.npmjs.org/@types/lodash.isarraylike/-/lodash.isarraylike-4.2.4.tgz",
      "integrity": "sha512-eNps0QP6/QZ+YltcZsITFP5G+JPBUeJwxoT6pi/CJllzUJiJ4e+8brQHr7VfCDF3d34cOYKAgHjInaca0Q8DoQ==",
      "dev": true,
      "requires": {
        "@types/lodash": "*"
      }
    },
    "@types/lodash.size": {
      "version": "4.2.4",
      "resolved": "https://registry.npmjs.org/@types/lodash.size/-/lodash.size-4.2.4.tgz",
      "integrity": "sha512-qiv3Y6NXU0RWFWLaH7pMNKLcu+0zmCpJuNVnxdDT6kVVlQdMPCa4uS+V0IMdcOkFRPWXm9p/Gsp281/wrB+zbg==",
      "dev": true,
      "requires": {
        "@types/lodash": "*"
      }
    }
  }
}
