{
  "name": "starry.last",
  "version": "4.0.0",
  "lockfileVersion": 1,
  "requires": true,
  "dependencies": {
    "@types/lodash": {
      "version": "4.14.116",
      "resolved": "https://registry.npmjs.org/@types/lodash/-/lodash-4.14.116.tgz",
      "integrity": "sha512-lRnAtKnxMXcYYXqOiotTmJd74uawNWuPnsnPrrO7HiFuE3npE2iQhfABatbYDyxTNqZNuXzcKGhw37R7RjBFLg==",
      "dev": true
    },
    "@types/lodash.isarraylike": {
      "version": "4.2.4",
      "resolved": "https://registry.npmjs.org/@types/lodash.isarraylike/-/lodash.isarraylike-4.2.4.tgz",
      "integrity": "sha512-eNps0QP6/QZ+YltcZsITFP5G+JPBUeJwxoT6pi/CJllzUJiJ4e+8brQHr7VfCDF3d34cOYKAgHjInaca0Q8DoQ==",
      "dev": true,
      "requires": {
        "@types/lodash": "*"
      }
    },
    "@types/lodash.last": {
      "version": "3.0.4",
      "resolved": "https://registry.npmjs.org/@types/lodash.last/-/lodash.last-3.0.4.tgz",
      "integrity": "sha512-G/5M4Uek3v41lYgq8qLuvfWVbm8iwsHgFLw+jFVOyRF3PT5GqSwtQSMviONiNqT1CymdZV8HSh2tw8wfv0eVmA==",
      "dev": true,
      "requires": {
        "@types/lodash": "*"
      }
    },
    "lodash.isarraylike": {
      "version": "4.2.0",
      "resolved": "https://registry.npmjs.org/lodash.isarraylike/-/lodash.isarraylike-4.2.0.tgz",
      "integrity": "sha1-RiMxCrMYgEtmfdw2GQWBN1WUAMQ="
    },
    "lodash.last": {
      "version": "3.0.0",
      "resolved": "https://registry.npmjs.org/lodash.last/-/lodash.last-3.0.0.tgz",
      "integrity": "sha1-JC9mMRLdTG5jcoxgo8kJ0b2tvUw="
    },
    "typescript": {
      "version": "3.0.1",
      "resolved": "https://registry.npmjs.org/typescript/-/typescript-3.0.1.tgz",
      "integrity": "sha512-zQIMOmC+372pC/CCVLqnQ0zSBiY7HHodU7mpQdjiZddek4GMj31I3dUJ7gAs9o65X7mnRma6OokOkc6f9jjfBg==",
      "dev": true
    }
  }
}
