{
  "name": "starry.sum",
  "version": "3.0.0",
  "lockfileVersion": 1,
  "requires": true,
  "dependencies": {
    "starry.reduce": {
      "version": "3.0.0",
      "requires": {
        "starry.iterator-to-iterable": "^3.0.0"
      },
      "dependencies": {
        "starry.iterator-to-iterable": {
          "version": "3.0.0",
          "bundled": true
        },
        "typescript": {
          "version": "3.0.1",
          "bundled": true
        }
      }
    },
    "typescript": {
      "version": "3.0.1",
      "resolved": "https://registry.npmjs.org/typescript/-/typescript-3.0.1.tgz",
      "integrity": "sha512-zQIMOmC+372pC/CCVLqnQ0zSBiY7HHodU7mpQdjiZddek4GMj31I3dUJ7gAs9o65X7mnRma6OokOkc6f9jjfBg==",
      "dev": true
    }
  }
}
